
Microsoft Visual Studio Solution File, Format Version 12.00
# Visual Studio 15
VisualStudioVersion = 15.0.27428.2037
MinimumVisualStudioVersion = 10.0.40219.1
Project("{FAE04EC0-301F-11D3-BF4B-00C04F79EFBC}") = "ConsoleApp1", "ConsoleApp1\ConsoleApp1.csproj", "{ADEE32BB-6B6D-42C2-B6FB-2D7920B72FDB}"
EndProject
Global
	GlobalSection(SolutionConfigurationPlatforms) = preSolution
		Debug|Any CPU = Debug|Any CPU
		Release|Any CPU = Release|Any CPU
	EndGlobalSection
	GlobalSection(ProjectConfigurationPlatforms) = postSolution
		{ADEE32BB-6B6D-42C2-B6FB-2D7920B72FDB}.Debug|Any CPU.ActiveCfg = Debug|Any CPU
		{ADEE32BB-6B6D-42C2-B6FB-2D7920B72FDB}.Debug|Any CPU.Build.0 = Debug|Any CPU
		{ADEE32BB-6B6D-42C2-B6FB-2D7920B72FDB}.Release|Any CPU.ActiveCfg = Release|Any CPU
		{ADEE32BB-6B6D-42C2-B6FB-2D7920B72FDB}.Release|Any CPU.Build.0 = Release|Any CPU
	EndGlobalSection
	GlobalSection(SolutionProperties) = preSolution
		HideSolutionNode = FALSE
	EndGlobalSection
	GlobalSection(ExtensibilityGlobals) = postSolution
		SolutionGuid = {5119C1CE-2594-4524-BD68-C09752A4FA0D}
	EndGlobalSection
EndGlobal
